
Microsoft Visual Studio Solution File, Format Version 12.00
# Visual Studio 15
VisualStudioVersion = 15.0.28307.329
MinimumVisualStudioVersion = 10.0.40219.1
Project("{FAE04EC0-301F-11D3-BF4B-00C04F79EFBC}") = "MvcMovie", "MvcMovie\MvcMovie.csproj", "{1C9F6867-78F9-424A-B652-20F2033E6E85}"
EndProject
Global
	GlobalSection(SolutionConfigurationPlatforms) = preSolution
		Debug|Any CPU = Debug|Any CPU
		Release|Any CPU = Release|Any CPU
	EndGlobalSection
	GlobalSection(ProjectConfigurationPlatforms) = postSolution
		{1C9F6867-78F9-424A-B652-20F2033E6E85}.Debug|Any CPU.ActiveCfg = Debug|Any CPU
		{1C9F6867-78F9-424A-B652-20F2033E6E85}.Debug|Any CPU.Build.0 = Debug|Any CPU
		{1C9F6867-78F9-424A-B652-20F2033E6E85}.Release|Any CPU.ActiveCfg = Release|Any CPU
		{1C9F6867-78F9-424A-B652-20F2033E6E85}.Release|Any CPU.Build.0 = Release|Any CPU
	EndGlobalSection
	GlobalSection(SolutionProperties) = preSolution
		HideSolutionNode = FALSE
	EndGlobalSection
	GlobalSection(ExtensibilityGlobals) = postSolution
		SolutionGuid = {09465435-BCB7-49D0-AA6A-20F8616A4EA7}
	EndGlobalSection
EndGlobal
